// !$*UTF8*$!
{
	archiveVersion = 1;
	classes = {
	};
	objectVersion = 46;
	objects = {

/* Begin PBXBuildFile section */
		4F4389481DD9A94300FBE04F /* Valy.framework in Frameworks */ = {isa = PBXBuildFile; fileRef = 4F43893E1DD9A94300FBE04F /* Valy.framework */; };
		4F43894D1DD9A94300FBE04F /* Validator_iOSTests.swift in Sources */ = {isa = PBXBuildFile; fileRef = 4F43894C1DD9A94300FBE04F /* Validator_iOSTests.swift */; };
		4F43894F1DD9A94300FBE04F /* Validator-iOS.h in Headers */ = {isa = PBXBuildFile; fileRef = 4F4389411DD9A94300FBE04F /* Validator-iOS.h */; settings = {ATTRIBUTES = (Public, ); }; };
		4F43895F1DD9A94D00FBE04F /* Validator-watchOS.h in Headers */ = {isa = PBXBuildFile; fileRef = 4F43895D1DD9A94D00FBE04F /* Validator-watchOS.h */; settings = {ATTRIBUTES = (Public, ); }; };
		4F4389711DD9A95C00FBE04F /* Valy.framework in Frameworks */ = {isa = PBXBuildFile; fileRef = 4F4389681DD9A95C00FBE04F /* Valy.framework */; };
		4F4389761DD9A95C00FBE04F /* Validator_tvOSTests.swift in Sources */ = {isa = PBXBuildFile; fileRef = 4F4389751DD9A95C00FBE04F /* Validator_tvOSTests.swift */; };
		4F4389781DD9A95C00FBE04F /* Validator-tvOS.h in Headers */ = {isa = PBXBuildFile; fileRef = 4F43896A1DD9A95C00FBE04F /* Validator-tvOS.h */; settings = {ATTRIBUTES = (Public, ); }; };
		4F43898D1DD9A96700FBE04F /* Valy.framework in Frameworks */ = {isa = PBXBuildFile; fileRef = 4F4389841DD9A96700FBE04F /* Valy.framework */; };
		4F4389921DD9A96700FBE04F /* Validator_macOSTests.swift in Sources */ = {isa = PBXBuildFile; fileRef = 4F4389911DD9A96700FBE04F /* Validator_macOSTests.swift */; };
		4F4389941DD9A96700FBE04F /* Validator-macOS.h in Headers */ = {isa = PBXBuildFile; fileRef = 4F4389861DD9A96700FBE04F /* Validator-macOS.h */; settings = {ATTRIBUTES = (Public, ); }; };
		4F43899E1DD9A99800FBE04F /* Valy.swift in Sources */ = {isa = PBXBuildFile; fileRef = 4F43899C1DD9A99800FBE04F /* Valy.swift */; };
		4F43899F1DD9A99800FBE04F /* AnyValidator.swift in Sources */ = {isa = PBXBuildFile; fileRef = 4F43899D1DD9A99800FBE04F /* AnyValidator.swift */; };
		4F4389A01DD9A99B00FBE04F /* Valy.swift in Sources */ = {isa = PBXBuildFile; fileRef = 4F43899C1DD9A99800FBE04F /* Valy.swift */; };
		4F4389A11DD9A99B00FBE04F /* AnyValidator.swift in Sources */ = {isa = PBXBuildFile; fileRef = 4F43899D1DD9A99800FBE04F /* AnyValidator.swift */; };
		4F4389A21DD9A99C00FBE04F /* Valy.swift in Sources */ = {isa = PBXBuildFile; fileRef = 4F43899C1DD9A99800FBE04F /* Valy.swift */; };
		4F4389A31DD9A99C00FBE04F /* AnyValidator.swift in Sources */ = {isa = PBXBuildFile; fileRef = 4F43899D1DD9A99800FBE04F /* AnyValidator.swift */; };
		4F4389A41DD9A99D00FBE04F /* Valy.swift in Sources */ = {isa = PBXBuildFile; fileRef = 4F43899C1DD9A99800FBE04F /* Valy.swift */; };
		4F4389A51DD9A99D00FBE04F /* AnyValidator.swift in Sources */ = {isa = PBXBuildFile; fileRef = 4F43899D1DD9A99800FBE04F /* AnyValidator.swift */; };
		4F5ABE661DDAA77200BD5DF8 /* ValyHelper.swift in Sources */ = {isa = PBXBuildFile; fileRef = 4F5ABE651DDAA77200BD5DF8 /* ValyHelper.swift */; };
		4F5ABE671DDAA77200BD5DF8 /* ValyHelper.swift in Sources */ = {isa = PBXBuildFile; fileRef = 4F5ABE651DDAA77200BD5DF8 /* ValyHelper.swift */; };
		4F5ABE681DDAA77200BD5DF8 /* ValyHelper.swift in Sources */ = {isa = PBXBuildFile; fileRef = 4F5ABE651DDAA77200BD5DF8 /* ValyHelper.swift */; };
		4F5ABE691DDAA77200BD5DF8 /* ValyHelper.swift in Sources */ = {isa = PBXBuildFile; fileRef = 4F5ABE651DDAA77200BD5DF8 /* ValyHelper.swift */; };
		4F5ABE6B1DDAB01800BD5DF8 /* TextInput.swift in Sources */ = {isa = PBXBuildFile; fileRef = 4F5ABE6A1DDAB01800BD5DF8 /* TextInput.swift */; };
		4F5ABE6C1DDAB01800BD5DF8 /* TextInput.swift in Sources */ = {isa = PBXBuildFile; fileRef = 4F5ABE6A1DDAB01800BD5DF8 /* TextInput.swift */; };
/* End PBXBuildFile section */

/* Begin PBXContainerItemProxy section */
		4F4389491DD9A94300FBE04F /* PBXContainerItemProxy */ = {
			isa = PBXContainerItemProxy;
			containerPortal = 4F4389331DD9A93000FBE04F /* Project object */;
			proxyType = 1;
			remoteGlobalIDString = 4F43893D1DD9A94300FBE04F;
			remoteInfo = "Validator-iOS";
		};
		4F4389721DD9A95C00FBE04F /* PBXContainerItemProxy */ = {
			isa = PBXContainerItemProxy;
			containerPortal = 4F4389331DD9A93000FBE04F /* Project object */;
			proxyType = 1;
			remoteGlobalIDString = 4F4389671DD9A95C00FBE04F;
			remoteInfo = "Validator-tvOS";
		};
		4F43898E1DD9A96700FBE04F /* PBXContainerItemProxy */ = {
			isa = PBXContainerItemProxy;
			containerPortal = 4F4389331DD9A93000FBE04F /* Project object */;
			proxyType = 1;
			remoteGlobalIDString = 4F4389831DD9A96700FBE04F;
			remoteInfo = "Validator-macOS";
		};
/* End PBXContainerItemProxy section */

/* Begin PBXFileReference section */
		4F43893E1DD9A94300FBE04F /* Valy.framework */ = {isa = PBXFileReference; explicitFileType = wrapper.framework; includeInIndex = 0; path = Valy.framework; sourceTree = BUILT_PRODUCTS_DIR; };
		4F4389411DD9A94300FBE04F /* Validator-iOS.h */ = {isa = PBXFileReference; lastKnownFileType = sourcecode.c.h; path = "Validator-iOS.h"; sourceTree = "<group>"; };
		4F4389421DD9A94300FBE04F /* Info.plist */ = {isa = PBXFileReference; lastKnownFileType = text.plist.xml; path = Info.plist; sourceTree = "<group>"; };
		4F4389471DD9A94300FBE04F /* Validator-iOSTests.xctest */ = {isa = PBXFileReference; explicitFileType = wrapper.cfbundle; includeInIndex = 0; path = "Validator-iOSTests.xctest"; sourceTree = BUILT_PRODUCTS_DIR; };
		4F43894C1DD9A94300FBE04F /* Validator_iOSTests.swift */ = {isa = PBXFileReference; lastKnownFileType = sourcecode.swift; path = Validator_iOSTests.swift; sourceTree = "<group>"; };
		4F43894E1DD9A94300FBE04F /* Info.plist */ = {isa = PBXFileReference; lastKnownFileType = text.plist.xml; path = Info.plist; sourceTree = "<group>"; };
		4F43895B1DD9A94D00FBE04F /* Valy.framework */ = {isa = PBXFileReference; explicitFileType = wrapper.framework; includeInIndex = 0; path = Valy.framework; sourceTree = BUILT_PRODUCTS_DIR; };
		4F43895D1DD9A94D00FBE04F /* Validator-watchOS.h */ = {isa = PBXFileReference; lastKnownFileType = sourcecode.c.h; path = "Validator-watchOS.h"; sourceTree = "<group>"; };
		4F43895E1DD9A94D00FBE04F /* Info.plist */ = {isa = PBXFileReference; lastKnownFileType = text.plist.xml; path = Info.plist; sourceTree = "<group>"; };
		4F4389681DD9A95C00FBE04F /* Valy.framework */ = {isa = PBXFileReference; explicitFileType = wrapper.framework; includeInIndex = 0; path = Valy.framework; sourceTree = BUILT_PRODUCTS_DIR; };
		4F43896A1DD9A95C00FBE04F /* Validator-tvOS.h */ = {isa = PBXFileReference; lastKnownFileType = sourcecode.c.h; path = "Validator-tvOS.h"; sourceTree = "<group>"; };
		4F43896B1DD9A95C00FBE04F /* Info.plist */ = {isa = PBXFileReference; lastKnownFileType = text.plist.xml; path = Info.plist; sourceTree = "<group>"; };
		4F4389701DD9A95C00FBE04F /* Validator-tvOSTests.xctest */ = {isa = PBXFileReference; explicitFileType = wrapper.cfbundle; includeInIndex = 0; path = "Validator-tvOSTests.xctest"; sourceTree = BUILT_PRODUCTS_DIR; };
		4F4389751DD9A95C00FBE04F /* Validator_tvOSTests.swift */ = {isa = PBXFileReference; lastKnownFileType = sourcecode.swift; path = Validator_tvOSTests.swift; sourceTree = "<group>"; };
		4F4389771DD9A95C00FBE04F /* Info.plist */ = {isa = PBXFileReference; lastKnownFileType = text.plist.xml; path = Info.plist; sourceTree = "<group>"; };
		4F4389841DD9A96700FBE04F /* Valy.framework */ = {isa = PBXFileReference; explicitFileType = wrapper.framework; includeInIndex = 0; path = Valy.framework; sourceTree = BUILT_PRODUCTS_DIR; };
		4F4389861DD9A96700FBE04F /* Validator-macOS.h */ = {isa = PBXFileReference; lastKnownFileType = sourcecode.c.h; path = "Validator-macOS.h"; sourceTree = "<group>"; };
		4F4389871DD9A96700FBE04F /* Info.plist */ = {isa = PBXFileReference; lastKnownFileType = text.plist.xml; path = Info.plist; sourceTree = "<group>"; };
		4F43898C1DD9A96700FBE04F /* Validator-macOSTests.xctest */ = {isa = PBXFileReference; explicitFileType = wrapper.cfbundle; includeInIndex = 0; path = "Validator-macOSTests.xctest"; sourceTree = BUILT_PRODUCTS_DIR; };
		4F4389911DD9A96700FBE04F /* Validator_macOSTests.swift */ = {isa = PBXFileReference; lastKnownFileType = sourcecode.swift; path = Validator_macOSTests.swift; sourceTree = "<group>"; };
		4F4389931DD9A96700FBE04F /* Info.plist */ = {isa = PBXFileReference; lastKnownFileType = text.plist.xml; path = Info.plist; sourceTree = "<group>"; };
		4F43899C1DD9A99800FBE04F /* Valy.swift */ = {isa = PBXFileReference; fileEncoding = 4; lastKnownFileType = sourcecode.swift; path = Valy.swift; sourceTree = "<group>"; };
		4F43899D1DD9A99800FBE04F /* AnyValidator.swift */ = {isa = PBXFileReference; fileEncoding = 4; lastKnownFileType = sourcecode.swift; path = AnyValidator.swift; sourceTree = "<group>"; };
		4F5ABE651DDAA77200BD5DF8 /* ValyHelper.swift */ = {isa = PBXFileReference; fileEncoding = 4; lastKnownFileType = sourcecode.swift; path = ValyHelper.swift; sourceTree = "<group>"; };
		4F5ABE6A1DDAB01800BD5DF8 /* TextInput.swift */ = {isa = PBXFileReference; fileEncoding = 4; lastKnownFileType = sourcecode.swift; path = TextInput.swift; sourceTree = "<group>"; };
/* End PBXFileReference section */

/* Begin PBXFrameworksBuildPhase section */
		4F43893A1DD9A94300FBE04F /* Frameworks */ = {
			isa = PBXFrameworksBuildPhase;
			buildActionMask = 2147483647;
			files = (
			);
			runOnlyForDeploymentPostprocessing = 0;
		};
		4F4389441DD9A94300FBE04F /* Frameworks */ = {
			isa = PBXFrameworksBuildPhase;
			buildActionMask = 2147483647;
			files = (
				4F4389481DD9A94300FBE04F /* Valy.framework in Frameworks */,
			);
			runOnlyForDeploymentPostprocessing = 0;
		};
		4F4389571DD9A94D00FBE04F /* Frameworks */ = {
			isa = PBXFrameworksBuildPhase;
			buildActionMask = 2147483647;
			files = (
			);
			runOnlyForDeploymentPostprocessing = 0;
		};
		4F4389641DD9A95C00FBE04F /* Frameworks */ = {
			isa = PBXFrameworksBuildPhase;
			buildActionMask = 2147483647;
			files = (
			);
			runOnlyForDeploymentPostprocessing = 0;
		};
		4F43896D1DD9A95C00FBE04F /* Frameworks */ = {
			isa = PBXFrameworksBuildPhase;
			buildActionMask = 2147483647;
			files = (
				4F4389711DD9A95C00FBE04F /* Valy.framework in Frameworks */,
			);
			runOnlyForDeploymentPostprocessing = 0;
		};
		4F4389801DD9A96700FBE04F /* Frameworks */ = {
			isa = PBXFrameworksBuildPhase;
			buildActionMask = 2147483647;
			files = (
			);
			runOnlyForDeploymentPostprocessing = 0;
		};
		4F4389891DD9A96700FBE04F /* Frameworks */ = {
			isa = PBXFrameworksBuildPhase;
			buildActionMask = 2147483647;
			files = (
				4F43898D1DD9A96700FBE04F /* Valy.framework in Frameworks */,
			);
			runOnlyForDeploymentPostprocessing = 0;
		};
/* End PBXFrameworksBuildPhase section */

/* Begin PBXGroup section */
		4F4389321DD9A93000FBE04F = {
			isa = PBXGroup;
			children = (
				4F43899B1DD9A98500FBE04F /* Sources */,
				4F4389401DD9A94300FBE04F /* Validator-iOS */,
				4F43894B1DD9A94300FBE04F /* Validator-iOSTests */,
				4F43895C1DD9A94D00FBE04F /* Validator-watchOS */,
				4F4389691DD9A95C00FBE04F /* Validator-tvOS */,
				4F4389741DD9A95C00FBE04F /* Validator-tvOSTests */,
				4F4389851DD9A96700FBE04F /* Validator-macOS */,
				4F4389901DD9A96700FBE04F /* Validator-macOSTests */,
				4F43893F1DD9A94300FBE04F /* Products */,
			);
			sourceTree = "<group>";
		};
		4F43893F1DD9A94300FBE04F /* Products */ = {
			isa = PBXGroup;
			children = (
				4F43893E1DD9A94300FBE04F /* Valy.framework */,
				4F4389471DD9A94300FBE04F /* Validator-iOSTests.xctest */,
				4F43895B1DD9A94D00FBE04F /* Valy.framework */,
				4F4389681DD9A95C00FBE04F /* Valy.framework */,
				4F4389701DD9A95C00FBE04F /* Validator-tvOSTests.xctest */,
				4F4389841DD9A96700FBE04F /* Valy.framework */,
				4F43898C1DD9A96700FBE04F /* Validator-macOSTests.xctest */,
			);
			name = Products;
			sourceTree = "<group>";
		};
		4F4389401DD9A94300FBE04F /* Validator-iOS */ = {
			isa = PBXGroup;
			children = (
				4F4389411DD9A94300FBE04F /* Validator-iOS.h */,
				4F4389421DD9A94300FBE04F /* Info.plist */,
			);
			path = "Validator-iOS";
			sourceTree = "<group>";
		};
		4F43894B1DD9A94300FBE04F /* Validator-iOSTests */ = {
			isa = PBXGroup;
			children = (
				4F43894C1DD9A94300FBE04F /* Validator_iOSTests.swift */,
				4F43894E1DD9A94300FBE04F /* Info.plist */,
			);
			path = "Validator-iOSTests";
			sourceTree = "<group>";
		};
		4F43895C1DD9A94D00FBE04F /* Validator-watchOS */ = {
			isa = PBXGroup;
			children = (
				4F43895D1DD9A94D00FBE04F /* Validator-watchOS.h */,
				4F43895E1DD9A94D00FBE04F /* Info.plist */,
			);
			path = "Validator-watchOS";
			sourceTree = "<group>";
		};
		4F4389691DD9A95C00FBE04F /* Validator-tvOS */ = {
			isa = PBXGroup;
			children = (
				4F43896A1DD9A95C00FBE04F /* Validator-tvOS.h */,
				4F43896B1DD9A95C00FBE04F /* Info.plist */,
			);
			path = "Validator-tvOS";
			sourceTree = "<group>";
		};
		4F4389741DD9A95C00FBE04F /* Validator-tvOSTests */ = {
			isa = PBXGroup;
			children = (
				4F4389751DD9A95C00FBE04F /* Validator_tvOSTests.swift */,
				4F4389771DD9A95C00FBE04F /* Info.plist */,
			);
			path = "Validator-tvOSTests";
			sourceTree = "<group>";
		};
		4F4389851DD9A96700FBE04F /* Validator-macOS */ = {
			isa = PBXGroup;
			children = (
				4F4389861DD9A96700FBE04F /* Validator-macOS.h */,
				4F4389871DD9A96700FBE04F /* Info.plist */,
			);
			path = "Validator-macOS";
			sourceTree = "<group>";
		};
		4F4389901DD9A96700FBE04F /* Validator-macOSTests */ = {
			isa = PBXGroup;
			children = (
				4F4389911DD9A96700FBE04F /* Validator_macOSTests.swift */,
				4F4389931DD9A96700FBE04F /* Info.plist */,
			);
			path = "Validator-macOSTests";
			sourceTree = "<group>";
		};
		4F43899B1DD9A98500FBE04F /* Sources */ = {
			isa = PBXGroup;
			children = (
				4F43899D1DD9A99800FBE04F /* AnyValidator.swift */,
				4F5ABE651DDAA77200BD5DF8 /* ValyHelper.swift */,
				4F43899C1DD9A99800FBE04F /* Valy.swift */,
				4F5ABE6A1DDAB01800BD5DF8 /* TextInput.swift */,
			);
			path = Sources;
			sourceTree = "<group>";
		};
/* End PBXGroup section */

/* Begin PBXHeadersBuildPhase section */
		4F43893B1DD9A94300FBE04F /* Headers */ = {
			isa = PBXHeadersBuildPhase;
			buildActionMask = 2147483647;
			files = (
				4F43894F1DD9A94300FBE04F /* Validator-iOS.h in Headers */,
			);
			runOnlyForDeploymentPostprocessing = 0;
		};
		4F4389581DD9A94D00FBE04F /* Headers */ = {
			isa = PBXHeadersBuildPhase;
			buildActionMask = 2147483647;
			files = (
				4F43895F1DD9A94D00FBE04F /* Validator-watchOS.h in Headers */,
			);
			runOnlyForDeploymentPostprocessing = 0;
		};
		4F4389651DD9A95C00FBE04F /* Headers */ = {
			isa = PBXHeadersBuildPhase;
			buildActionMask = 2147483647;
			files = (
				4F4389781DD9A95C00FBE04F /* Validator-tvOS.h in Headers */,
			);
			runOnlyForDeploymentPostprocessing = 0;
		};
		4F4389811DD9A96700FBE04F /* Headers */ = {
			isa = PBXHeadersBuildPhase;
			buildActionMask = 2147483647;
			files = (
				4F4389941DD9A96700FBE04F /* Validator-macOS.h in Headers */,
			);
			runOnlyForDeploymentPostprocessing = 0;
		};
/* End PBXHeadersBuildPhase section */

/* Begin PBXNativeTarget section */
		4F43893D1DD9A94300FBE04F /* Validator-iOS */ = {
			isa = PBXNativeTarget;
			buildConfigurationList = 4F4389501DD9A94300FBE04F /* Build configuration list for PBXNativeTarget "Validator-iOS" */;
			buildPhases = (
				4F4389391DD9A94300FBE04F /* Sources */,
				4F43893A1DD9A94300FBE04F /* Frameworks */,
				4F43893B1DD9A94300FBE04F /* Headers */,
				4F43893C1DD9A94300FBE04F /* Resources */,
			);
			buildRules = (
			);
			dependencies = (
			);
			name = "Validator-iOS";
			productName = "Validator-iOS";
			productReference = 4F43893E1DD9A94300FBE04F /* Valy.framework */;
			productType = "com.apple.product-type.framework";
		};
		4F4389461DD9A94300FBE04F /* Validator-iOSTests */ = {
			isa = PBXNativeTarget;
			buildConfigurationList = 4F4389531DD9A94300FBE04F /* Build configuration list for PBXNativeTarget "Validator-iOSTests" */;
			buildPhases = (
				4F4389431DD9A94300FBE04F /* Sources */,
				4F4389441DD9A94300FBE04F /* Frameworks */,
				4F4389451DD9A94300FBE04F /* Resources */,
			);
			buildRules = (
			);
			dependencies = (
				4F43894A1DD9A94300FBE04F /* PBXTargetDependency */,
			);
			name = "Validator-iOSTests";
			productName = "Validator-iOSTests";
			productReference = 4F4389471DD9A94300FBE04F /* Validator-iOSTests.xctest */;
			productType = "com.apple.product-type.bundle.unit-test";
		};
		4F43895A1DD9A94D00FBE04F /* Validator-watchOS */ = {
			isa = PBXNativeTarget;
			buildConfigurationList = 4F4389601DD9A94D00FBE04F /* Build configuration list for PBXNativeTarget "Validator-watchOS" */;
			buildPhases = (
				4F4389561DD9A94D00FBE04F /* Sources */,
				4F4389571DD9A94D00FBE04F /* Frameworks */,
				4F4389581DD9A94D00FBE04F /* Headers */,
				4F4389591DD9A94D00FBE04F /* Resources */,
			);
			buildRules = (
			);
			dependencies = (
			);
			name = "Validator-watchOS";
			productName = "Validator-watchOS";
			productReference = 4F43895B1DD9A94D00FBE04F /* Valy.framework */;
			productType = "com.apple.product-type.framework";
		};
		4F4389671DD9A95C00FBE04F /* Validator-tvOS */ = {
			isa = PBXNativeTarget;
			buildConfigurationList = 4F4389791DD9A95C00FBE04F /* Build configuration list for PBXNativeTarget "Validator-tvOS" */;
			buildPhases = (
				4F4389631DD9A95C00FBE04F /* Sources */,
				4F4389641DD9A95C00FBE04F /* Frameworks */,
				4F4389651DD9A95C00FBE04F /* Headers */,
				4F4389661DD9A95C00FBE04F /* Resources */,
			);
			buildRules = (
			);
			dependencies = (
			);
			name = "Validator-tvOS";
			productName = "Validator-tvOS";
			productReference = 4F4389681DD9A95C00FBE04F /* Valy.framework */;
			productType = "com.apple.product-type.framework";
		};
		4F43896F1DD9A95C00FBE04F /* Validator-tvOSTests */ = {
			isa = PBXNativeTarget;
			buildConfigurationList = 4F43897C1DD9A95C00FBE04F /* Build configuration list for PBXNativeTarget "Validator-tvOSTests" */;
			buildPhases = (
				4F43896C1DD9A95C00FBE04F /* Sources */,
				4F43896D1DD9A95C00FBE04F /* Frameworks */,
				4F43896E1DD9A95C00FBE04F /* Resources */,
			);
			buildRules = (
			);
			dependencies = (
				4F4389731DD9A95C00FBE04F /* PBXTargetDependency */,
			);
			name = "Validator-tvOSTests";
			productName = "Validator-tvOSTests";
			productReference = 4F4389701DD9A95C00FBE04F /* Validator-tvOSTests.xctest */;
			productType = "com.apple.product-type.bundle.unit-test";
		};
		4F4389831DD9A96700FBE04F /* Validator-macOS */ = {
			isa = PBXNativeTarget;
			buildConfigurationList = 4F4389951DD9A96700FBE04F /* Build configuration list for PBXNativeTarget "Validator-macOS" */;
			buildPhases = (
				4F43897F1DD9A96700FBE04F /* Sources */,
				4F4389801DD9A96700FBE04F /* Frameworks */,
				4F4389811DD9A96700FBE04F /* Headers */,
				4F4389821DD9A96700FBE04F /* Resources */,
			);
			buildRules = (
			);
			dependencies = (
			);
			name = "Validator-macOS";
			productName = "Validator-macOS";
			productReference = 4F4389841DD9A96700FBE04F /* Valy.framework */;
			productType = "com.apple.product-type.framework";
		};
		4F43898B1DD9A96700FBE04F /* Validator-macOSTests */ = {
			isa = PBXNativeTarget;
			buildConfigurationList = 4F4389981DD9A96700FBE04F /* Build configuration list for PBXNativeTarget "Validator-macOSTests" */;
			buildPhases = (
				4F4389881DD9A96700FBE04F /* Sources */,
				4F4389891DD9A96700FBE04F /* Frameworks */,
				4F43898A1DD9A96700FBE04F /* Resources */,
			);
			buildRules = (
			);
			dependencies = (
				4F43898F1DD9A96700FBE04F /* PBXTargetDependency */,
			);
			name = "Validator-macOSTests";
			productName = "Validator-macOSTests";
			productReference = 4F43898C1DD9A96700FBE04F /* Validator-macOSTests.xctest */;
			productType = "com.apple.product-type.bundle.unit-test";
		};
/* End PBXNativeTarget section */

/* Begin PBXProject section */
		4F4389331DD9A93000FBE04F /* Project object */ = {
			isa = PBXProject;
			attributes = {
				LastSwiftUpdateCheck = 0810;
				LastUpgradeCheck = 0810;
				TargetAttributes = {
					4F43893D1DD9A94300FBE04F = {
						CreatedOnToolsVersion = 8.1;
						LastSwiftMigration = 0810;
						ProvisioningStyle = Manual;
					};
					4F4389461DD9A94300FBE04F = {
						CreatedOnToolsVersion = 8.1;
						ProvisioningStyle = Manual;
					};
					4F43895A1DD9A94D00FBE04F = {
						CreatedOnToolsVersion = 8.1;
						ProvisioningStyle = Manual;
					};
					4F4389671DD9A95C00FBE04F = {
						CreatedOnToolsVersion = 8.1;
						ProvisioningStyle = Manual;
					};
					4F43896F1DD9A95C00FBE04F = {
						CreatedOnToolsVersion = 8.1;
						ProvisioningStyle = Manual;
					};
					4F4389831DD9A96700FBE04F = {
						CreatedOnToolsVersion = 8.1;
						ProvisioningStyle = Manual;
					};
					4F43898B1DD9A96700FBE04F = {
						CreatedOnToolsVersion = 8.1;
						ProvisioningStyle = Manual;
					};
				};
			};
			buildConfigurationList = 4F4389361DD9A93000FBE04F /* Build configuration list for PBXProject "Validator" */;
			compatibilityVersion = "Xcode 3.2";
			developmentRegion = English;
			hasScannedForEncodings = 0;
			knownRegions = (
				en,
			);
			mainGroup = 4F4389321DD9A93000FBE04F;
			productRefGroup = 4F43893F1DD9A94300FBE04F /* Products */;
			projectDirPath = "";
			projectRoot = "";
			targets = (
				4F43893D1DD9A94300FBE04F /* Validator-iOS */,
				4F4389461DD9A94300FBE04F /* Validator-iOSTests */,
				4F43895A1DD9A94D00FBE04F /* Validator-watchOS */,
				4F4389671DD9A95C00FBE04F /* Validator-tvOS */,
				4F43896F1DD9A95C00FBE04F /* Validator-tvOSTests */,
				4F4389831DD9A96700FBE04F /* Validator-macOS */,
				4F43898B1DD9A96700FBE04F /* Validator-macOSTests */,
			);
		};
/* End PBXProject section */

/* Begin PBXResourcesBuildPhase section */
		4F43893C1DD9A94300FBE04F /* Resources */ = {
			isa = PBXResourcesBuildPhase;
			buildActionMask = 2147483647;
			files = (
			);
			runOnlyForDeploymentPostprocessing = 0;
		};
		4F4389451DD9A94300FBE04F /* Resources */ = {
			isa = PBXResourcesBuildPhase;
			buildActionMask = 2147483647;
			files = (
			);
			runOnlyForDeploymentPostprocessing = 0;
		};
		4F4389591DD9A94D00FBE04F /* Resources */ = {
			isa = PBXResourcesBuildPhase;
			buildActionMask = 2147483647;
			files = (
			);
			runOnlyForDeploymentPostprocessing = 0;
		};
		4F4389661DD9A95C00FBE04F /* Resources */ = {
			isa = PBXResourcesBuildPhase;
			buildActionMask = 2147483647;
			files = (
			);
			runOnlyForDeploymentPostprocessing = 0;
		};
		4F43896E1DD9A95C00FBE04F /* Resources */ = {
			isa = PBXResourcesBuildPhase;
			buildActionMask = 2147483647;
			files = (
			);
			runOnlyForDeploymentPostprocessing = 0;
		};
		4F4389821DD9A96700FBE04F /* Resources */ = {
			isa = PBXResourcesBuildPhase;
			buildActionMask = 2147483647;
			files = (
			);
			runOnlyForDeploymentPostprocessing = 0;
		};
		4F43898A1DD9A96700FBE04F /* Resources */ = {
			isa = PBXResourcesBuildPhase;
			buildActionMask = 2147483647;
			files = (
			);
			runOnlyForDeploymentPostprocessing = 0;
		};
/* End PBXResourcesBuildPhase section */

/* Begin PBXSourcesBuildPhase section */
		4F4389391DD9A94300FBE04F /* Sources */ = {
			isa = PBXSourcesBuildPhase;
			buildActionMask = 2147483647;
			files = (
				4F43899E1DD9A99800FBE04F /* Valy.swift in Sources */,
				4F5ABE661DDAA77200BD5DF8 /* ValyHelper.swift in Sources */,
				4F43899F1DD9A99800FBE04F /* AnyValidator.swift in Sources */,
				4F5ABE6B1DDAB01800BD5DF8 /* TextInput.swift in Sources */,
			);
			runOnlyForDeploymentPostprocessing = 0;
		};
		4F4389431DD9A94300FBE04F /* Sources */ = {
			isa = PBXSourcesBuildPhase;
			buildActionMask = 2147483647;
			files = (
				4F43894D1DD9A94300FBE04F /* Validator_iOSTests.swift in Sources */,
			);
			runOnlyForDeploymentPostprocessing = 0;
		};
		4F4389561DD9A94D00FBE04F /* Sources */ = {
			isa = PBXSourcesBuildPhase;
			buildActionMask = 2147483647;
			files = (
				4F4389A01DD9A99B00FBE04F /* Valy.swift in Sources */,
				4F5ABE671DDAA77200BD5DF8 /* ValyHelper.swift in Sources */,
				4F4389A11DD9A99B00FBE04F /* AnyValidator.swift in Sources */,
			);
			runOnlyForDeploymentPostprocessing = 0;
		};
		4F4389631DD9A95C00FBE04F /* Sources */ = {
			isa = PBXSourcesBuildPhase;
			buildActionMask = 2147483647;
			files = (
				4F4389A21DD9A99C00FBE04F /* Valy.swift in Sources */,
				4F5ABE681DDAA77200BD5DF8 /* ValyHelper.swift in Sources */,
				4F4389A31DD9A99C00FBE04F /* AnyValidator.swift in Sources */,
				4F5ABE6C1DDAB01800BD5DF8 /* TextInput.swift in Sources */,
			);
			runOnlyForDeploymentPostprocessing = 0;
		};
		4F43896C1DD9A95C00FBE04F /* Sources */ = {
			isa = PBXSourcesBuildPhase;
			buildActionMask = 2147483647;
			files = (
				4F4389761DD9A95C00FBE04F /* Validator_tvOSTests.swift in Sources */,
			);
			runOnlyForDeploymentPostprocessing = 0;
		};
		4F43897F1DD9A96700FBE04F /* Sources */ = {
			isa = PBXSourcesBuildPhase;
			buildActionMask = 2147483647;
			files = (
				4F4389A41DD9A99D00FBE04F /* Valy.swift in Sources */,
				4F5ABE691DDAA77200BD5DF8 /* ValyHelper.swift in Sources */,
				4F4389A51DD9A99D00FBE04F /* AnyValidator.swift in Sources */,
			);
			runOnlyForDeploymentPostprocessing = 0;
		};
		4F4389881DD9A96700FBE04F /* Sources */ = {
			isa = PBXSourcesBuildPhase;
			buildActionMask = 2147483647;
			files = (
				4F4389921DD9A96700FBE04F /* Validator_macOSTests.swift in Sources */,
			);
			runOnlyForDeploymentPostprocessing = 0;
		};
/* End PBXSourcesBuildPhase section */

/* Begin PBXTargetDependency section */
		4F43894A1DD9A94300FBE04F /* PBXTargetDependency */ = {
			isa = PBXTargetDependency;
			target = 4F43893D1DD9A94300FBE04F /* Validator-iOS */;
			targetProxy = 4F4389491DD9A94300FBE04F /* PBXContainerItemProxy */;
		};
		4F4389731DD9A95C00FBE04F /* PBXTargetDependency */ = {
			isa = PBXTargetDependency;
			target = 4F4389671DD9A95C00FBE04F /* Validator-tvOS */;
			targetProxy = 4F4389721DD9A95C00FBE04F /* PBXContainerItemProxy */;
		};
		4F43898F1DD9A96700FBE04F /* PBXTargetDependency */ = {
			isa = PBXTargetDependency;
			target = 4F4389831DD9A96700FBE04F /* Validator-macOS */;
			targetProxy = 4F43898E1DD9A96700FBE04F /* PBXContainerItemProxy */;
		};
/* End PBXTargetDependency section */

/* Begin XCBuildConfiguration section */
		4F4389371DD9A93000FBE04F /* Debug */ = {
			isa = XCBuildConfiguration;
			buildSettings = {
				IPHONEOS_DEPLOYMENT_TARGET = 8.0;
				MACOSX_DEPLOYMENT_TARGET = 10.6;
				PRODUCT_NAME = Valy;
				SWIFT_VERSION = 3.0;
			};
			name = Debug;
		};
		4F4389381DD9A93000FBE04F /* Release */ = {
			isa = XCBuildConfiguration;
			buildSettings = {
				IPHONEOS_DEPLOYMENT_TARGET = 8.0;
				MACOSX_DEPLOYMENT_TARGET = 10.6;
				PRODUCT_NAME = Valy;
				SWIFT_VERSION = 3.0;
			};
			name = Release;
		};
		4F4389511DD9A94300FBE04F /* Debug */ = {
			isa = XCBuildConfiguration;
			buildSettings = {
				ALWAYS_SEARCH_USER_PATHS = NO;
				CLANG_ANALYZER_NONNULL = YES;
				CLANG_CXX_LANGUAGE_STANDARD = "gnu++0x";
				CLANG_CXX_LIBRARY = "libc++";
				CLANG_ENABLE_MODULES = YES;
				CLANG_ENABLE_OBJC_ARC = YES;
				CLANG_WARN_BOOL_CONVERSION = YES;
				CLANG_WARN_CONSTANT_CONVERSION = YES;
				CLANG_WARN_DIRECT_OBJC_ISA_USAGE = YES_ERROR;
				CLANG_WARN_DOCUMENTATION_COMMENTS = YES;
				CLANG_WARN_EMPTY_BODY = YES;
				CLANG_WARN_ENUM_CONVERSION = YES;
				CLANG_WARN_INFINITE_RECURSION = YES;
				CLANG_WARN_INT_CONVERSION = YES;
				CLANG_WARN_OBJC_ROOT_CLASS = YES_ERROR;
				CLANG_WARN_SUSPICIOUS_MOVES = YES;
				CLANG_WARN_UNREACHABLE_CODE = YES;
				CLANG_WARN__DUPLICATE_METHOD_MATCH = YES;
				CODE_SIGN_IDENTITY = "";
				"CODE_SIGN_IDENTITY[sdk=iphoneos*]" = "iPhone Developer";
				CODE_SIGN_STYLE = Manual;
				COPY_PHASE_STRIP = NO;
				CURRENT_PROJECT_VERSION = 1;
				DEBUG_INFORMATION_FORMAT = dwarf;
				DEFINES_MODULE = YES;
				DEVELOPMENT_TEAM = "";
				DYLIB_COMPATIBILITY_VERSION = 1;
				DYLIB_CURRENT_VERSION = 1;
				DYLIB_INSTALL_NAME_BASE = "@rpath";
				ENABLE_STRICT_OBJC_MSGSEND = YES;
				ENABLE_TESTABILITY = YES;
				GCC_C_LANGUAGE_STANDARD = gnu99;
				GCC_DYNAMIC_NO_PIC = NO;
				GCC_NO_COMMON_BLOCKS = YES;
				GCC_OPTIMIZATION_LEVEL = 0;
				GCC_PREPROCESSOR_DEFINITIONS = (
					"DEBUG=1",
					"$(inherited)",
				);
				GCC_WARN_64_TO_32_BIT_CONVERSION = YES;
				GCC_WARN_ABOUT_RETURN_TYPE = YES_ERROR;
				GCC_WARN_UNDECLARED_SELECTOR = YES;
				GCC_WARN_UNINITIALIZED_AUTOS = YES_AGGRESSIVE;
				GCC_WARN_UNUSED_FUNCTION = YES;
				GCC_WARN_UNUSED_VARIABLE = YES;
				INFOPLIST_FILE = "Validator-iOS/Info.plist";
				INSTALL_PATH = "$(LOCAL_LIBRARY_DIR)/Frameworks";
				IPHONEOS_DEPLOYMENT_TARGET = 8.0;
				LD_RUNPATH_SEARCH_PATHS = "$(inherited) @executable_path/Frameworks @loader_path/Frameworks";
				MTL_ENABLE_DEBUG_INFO = YES;
				ONLY_ACTIVE_ARCH = YES;
				PRODUCT_BUNDLE_IDENTIFIER = "com.timers-inc.Validator-iOS";
				PRODUCT_NAME = Valy;
				PROVISIONING_PROFILE_SPECIFIER = "";
				SDKROOT = iphoneos;
				SKIP_INSTALL = YES;
				SWIFT_ACTIVE_COMPILATION_CONDITIONS = DEBUG;
				SWIFT_OPTIMIZATION_LEVEL = "-Onone";
				SWIFT_VERSION = 4.0;
				TARGETED_DEVICE_FAMILY = "1,2";
				VERSIONING_SYSTEM = "apple-generic";
				VERSION_INFO_PREFIX = "";
			};
			name = Debug;
		};
		4F4389521DD9A94300FBE04F /* Release */ = {
			isa = XCBuildConfiguration;
			buildSettings = {
				ALWAYS_SEARCH_USER_PATHS = NO;
				CLANG_ANALYZER_NONNULL = YES;
				CLANG_CXX_LANGUAGE_STANDARD = "gnu++0x";
				CLANG_CXX_LIBRARY = "libc++";
				CLANG_ENABLE_MODULES = YES;
				CLANG_ENABLE_OBJC_ARC = YES;
				CLANG_WARN_BOOL_CONVERSION = YES;
				CLANG_WARN_CONSTANT_CONVERSION = YES;
				CLANG_WARN_DIRECT_OBJC_ISA_USAGE = YES_ERROR;
				CLANG_WARN_DOCUMENTATION_COMMENTS = YES;
				CLANG_WARN_EMPTY_BODY = YES;
				CLANG_WARN_ENUM_CONVERSION = YES;
				CLANG_WARN_INFINITE_RECURSION = YES;
				CLANG_WARN_INT_CONVERSION = YES;
				CLANG_WARN_OBJC_ROOT_CLASS = YES_ERROR;
				CLANG_WARN_SUSPICIOUS_MOVES = YES;
				CLANG_WARN_UNREACHABLE_CODE = YES;
				CLANG_WARN__DUPLICATE_METHOD_MATCH = YES;
				CODE_SIGN_IDENTITY = "";
				"CODE_SIGN_IDENTITY[sdk=iphoneos*]" = "iPhone Developer";
				CODE_SIGN_STYLE = Manual;
				COPY_PHASE_STRIP = NO;
				CURRENT_PROJECT_VERSION = 1;
				DEBUG_INFORMATION_FORMAT = "dwarf-with-dsym";
				DEFINES_MODULE = YES;
				DEVELOPMENT_TEAM = "";
				DYLIB_COMPATIBILITY_VERSION = 1;
				DYLIB_CURRENT_VERSION = 1;
				DYLIB_INSTALL_NAME_BASE = "@rpath";
				ENABLE_NS_ASSERTIONS = NO;
				ENABLE_STRICT_OBJC_MSGSEND = YES;
				GCC_C_LANGUAGE_STANDARD = gnu99;
				GCC_NO_COMMON_BLOCKS = YES;
				GCC_WARN_64_TO_32_BIT_CONVERSION = YES;
				GCC_WARN_ABOUT_RETURN_TYPE = YES_ERROR;
				GCC_WARN_UNDECLARED_SELECTOR = YES;
				GCC_WARN_UNINITIALIZED_AUTOS = YES_AGGRESSIVE;
				GCC_WARN_UNUSED_FUNCTION = YES;
				GCC_WARN_UNUSED_VARIABLE = YES;
				INFOPLIST_FILE = "Validator-iOS/Info.plist";
				INSTALL_PATH = "$(LOCAL_LIBRARY_DIR)/Frameworks";
				IPHONEOS_DEPLOYMENT_TARGET = 8.0;
				LD_RUNPATH_SEARCH_PATHS = "$(inherited) @executable_path/Frameworks @loader_path/Frameworks";
				MTL_ENABLE_DEBUG_INFO = NO;
				PRODUCT_BUNDLE_IDENTIFIER = "com.timers-inc.Validator-iOS";
				PRODUCT_NAME = Valy;
				PROVISIONING_PROFILE_SPECIFIER = "";
				SDKROOT = iphoneos;
				SKIP_INSTALL = YES;
				SWIFT_OPTIMIZATION_LEVEL = "-Owholemodule";
				SWIFT_VERSION = 4.0;
				TARGETED_DEVICE_FAMILY = "1,2";
				VALIDATE_PRODUCT = YES;
				VERSIONING_SYSTEM = "apple-generic";
				VERSION_INFO_PREFIX = "";
			};
			name = Release;
		};
		4F4389541DD9A94300FBE04F /* Debug */ = {
			isa = XCBuildConfiguration;
			buildSettings = {
				ALWAYS_EMBED_SWIFT_STANDARD_LIBRARIES = YES;
				ALWAYS_SEARCH_USER_PATHS = NO;
				CLANG_ANALYZER_NONNULL = YES;
				CLANG_CXX_LANGUAGE_STANDARD = "gnu++0x";
				CLANG_CXX_LIBRARY = "libc++";
				CLANG_ENABLE_MODULES = YES;
				CLANG_ENABLE_OBJC_ARC = YES;
				CLANG_WARN_BOOL_CONVERSION = YES;
				CLANG_WARN_CONSTANT_CONVERSION = YES;
				CLANG_WARN_DIRECT_OBJC_ISA_USAGE = YES_ERROR;
				CLANG_WARN_DOCUMENTATION_COMMENTS = YES;
				CLANG_WARN_EMPTY_BODY = YES;
				CLANG_WARN_ENUM_CONVERSION = YES;
				CLANG_WARN_INFINITE_RECURSION = YES;
				CLANG_WARN_INT_CONVERSION = YES;
				CLANG_WARN_OBJC_ROOT_CLASS = YES_ERROR;
				CLANG_WARN_SUSPICIOUS_MOVES = YES;
				CLANG_WARN_UNREACHABLE_CODE = YES;
				CLANG_WARN__DUPLICATE_METHOD_MATCH = YES;
				"CODE_SIGN_IDENTITY[sdk=iphoneos*]" = "iPhone Developer";
				CODE_SIGN_STYLE = Manual;
				COPY_PHASE_STRIP = NO;
				DEBUG_INFORMATION_FORMAT = dwarf;
				DEVELOPMENT_TEAM = "";
				ENABLE_STRICT_OBJC_MSGSEND = YES;
				ENABLE_TESTABILITY = YES;
				GCC_C_LANGUAGE_STANDARD = gnu99;
				GCC_DYNAMIC_NO_PIC = NO;
				GCC_NO_COMMON_BLOCKS = YES;
				GCC_OPTIMIZATION_LEVEL = 0;
				GCC_PREPROCESSOR_DEFINITIONS = (
					"DEBUG=1",
					"$(inherited)",
				);
				GCC_WARN_64_TO_32_BIT_CONVERSION = YES;
				GCC_WARN_ABOUT_RETURN_TYPE = YES_ERROR;
				GCC_WARN_UNDECLARED_SELECTOR = YES;
				GCC_WARN_UNINITIALIZED_AUTOS = YES_AGGRESSIVE;
				GCC_WARN_UNUSED_FUNCTION = YES;
				GCC_WARN_UNUSED_VARIABLE = YES;
				INFOPLIST_FILE = "Validator-iOSTests/Info.plist";
				IPHONEOS_DEPLOYMENT_TARGET = 10.1;
				LD_RUNPATH_SEARCH_PATHS = "$(inherited) @executable_path/Frameworks @loader_path/Frameworks";
				MTL_ENABLE_DEBUG_INFO = YES;
				ONLY_ACTIVE_ARCH = YES;
				PRODUCT_BUNDLE_IDENTIFIER = "com.timers-inc.Validator-iOSTests";
				PRODUCT_NAME = "$(TARGET_NAME)";
				PROVISIONING_PROFILE_SPECIFIER = "";
				SDKROOT = iphoneos;
				SWIFT_ACTIVE_COMPILATION_CONDITIONS = DEBUG;
				SWIFT_OPTIMIZATION_LEVEL = "-Onone";
				SWIFT_VERSION = 4.0;
			};
			name = Debug;
		};
		4F4389551DD9A94300FBE04F /* Release */ = {
			isa = XCBuildConfiguration;
			buildSettings = {
				ALWAYS_EMBED_SWIFT_STANDARD_LIBRARIES = YES;
				ALWAYS_SEARCH_USER_PATHS = NO;
				CLANG_ANALYZER_NONNULL = YES;
				CLANG_CXX_LANGUAGE_STANDARD = "gnu++0x";
				CLANG_CXX_LIBRARY = "libc++";
				CLANG_ENABLE_MODULES = YES;
				CLANG_ENABLE_OBJC_ARC = YES;
				CLANG_WARN_BOOL_CONVERSION = YES;
				CLANG_WARN_CONSTANT_CONVERSION = YES;
				CLANG_WARN_DIRECT_OBJC_ISA_USAGE = YES_ERROR;
				CLANG_WARN_DOCUMENTATION_COMMENTS = YES;
				CLANG_WARN_EMPTY_BODY = YES;
				CLANG_WARN_ENUM_CONVERSION = YES;
				CLANG_WARN_INFINITE_RECURSION = YES;
				CLANG_WARN_INT_CONVERSION = YES;
				CLANG_WARN_OBJC_ROOT_CLASS = YES_ERROR;
				CLANG_WARN_SUSPICIOUS_MOVES = YES;
				CLANG_WARN_UNREACHABLE_CODE = YES;
				CLANG_WARN__DUPLICATE_METHOD_MATCH = YES;
				"CODE_SIGN_IDENTITY[sdk=iphoneos*]" = "iPhone Developer";
				CODE_SIGN_STYLE = Manual;
				COPY_PHASE_STRIP = NO;
				DEBUG_INFORMATION_FORMAT = "dwarf-with-dsym";
				DEVELOPMENT_TEAM = "";
				ENABLE_NS_ASSERTIONS = NO;
				ENABLE_STRICT_OBJC_MSGSEND = YES;
				GCC_C_LANGUAGE_STANDARD = gnu99;
				GCC_NO_COMMON_BLOCKS = YES;
				GCC_WARN_64_TO_32_BIT_CONVERSION = YES;
				GCC_WARN_ABOUT_RETURN_TYPE = YES_ERROR;
				GCC_WARN_UNDECLARED_SELECTOR = YES;
				GCC_WARN_UNINITIALIZED_AUTOS = YES_AGGRESSIVE;
				GCC_WARN_UNUSED_FUNCTION = YES;
				GCC_WARN_UNUSED_VARIABLE = YES;
				INFOPLIST_FILE = "Validator-iOSTests/Info.plist";
				IPHONEOS_DEPLOYMENT_TARGET = 10.1;
				LD_RUNPATH_SEARCH_PATHS = "$(inherited) @executable_path/Frameworks @loader_path/Frameworks";
				MTL_ENABLE_DEBUG_INFO = NO;
				PRODUCT_BUNDLE_IDENTIFIER = "com.timers-inc.Validator-iOSTests";
				PRODUCT_NAME = "$(TARGET_NAME)";
				PROVISIONING_PROFILE_SPECIFIER = "";
				SDKROOT = iphoneos;
				SWIFT_OPTIMIZATION_LEVEL = "-Owholemodule";
				SWIFT_VERSION = 4.0;
				VALIDATE_PRODUCT = YES;
			};
			name = Release;
		};
		4F4389611DD9A94D00FBE04F /* Debug */ = {
			isa = XCBuildConfiguration;
			buildSettings = {
				ALWAYS_SEARCH_USER_PATHS = NO;
				APPLICATION_EXTENSION_API_ONLY = YES;
				CLANG_ANALYZER_NONNULL = YES;
				CLANG_CXX_LANGUAGE_STANDARD = "gnu++0x";
				CLANG_CXX_LIBRARY = "libc++";
				CLANG_ENABLE_MODULES = YES;
				CLANG_ENABLE_OBJC_ARC = YES;
				CLANG_WARN_BOOL_CONVERSION = YES;
				CLANG_WARN_CONSTANT_CONVERSION = YES;
				CLANG_WARN_DIRECT_OBJC_ISA_USAGE = YES_ERROR;
				CLANG_WARN_DOCUMENTATION_COMMENTS = YES;
				CLANG_WARN_EMPTY_BODY = YES;
				CLANG_WARN_ENUM_CONVERSION = YES;
				CLANG_WARN_INFINITE_RECURSION = YES;
				CLANG_WARN_INT_CONVERSION = YES;
				CLANG_WARN_OBJC_ROOT_CLASS = YES_ERROR;
				CLANG_WARN_SUSPICIOUS_MOVES = YES;
				CLANG_WARN_UNREACHABLE_CODE = YES;
				CLANG_WARN__DUPLICATE_METHOD_MATCH = YES;
				CODE_SIGN_IDENTITY = "";
				CODE_SIGN_STYLE = Manual;
				COPY_PHASE_STRIP = NO;
				CURRENT_PROJECT_VERSION = 1;
				DEBUG_INFORMATION_FORMAT = dwarf;
				DEFINES_MODULE = YES;
				DEVELOPMENT_TEAM = "";
				DYLIB_COMPATIBILITY_VERSION = 1;
				DYLIB_CURRENT_VERSION = 1;
				DYLIB_INSTALL_NAME_BASE = "@rpath";
				ENABLE_STRICT_OBJC_MSGSEND = YES;
				ENABLE_TESTABILITY = YES;
				GCC_C_LANGUAGE_STANDARD = gnu99;
				GCC_DYNAMIC_NO_PIC = NO;
				GCC_NO_COMMON_BLOCKS = YES;
				GCC_OPTIMIZATION_LEVEL = 0;
				GCC_PREPROCESSOR_DEFINITIONS = (
					"DEBUG=1",
					"$(inherited)",
				);
				GCC_WARN_64_TO_32_BIT_CONVERSION = YES;
				GCC_WARN_ABOUT_RETURN_TYPE = YES_ERROR;
				GCC_WARN_UNDECLARED_SELECTOR = YES;
				GCC_WARN_UNINITIALIZED_AUTOS = YES_AGGRESSIVE;
				GCC_WARN_UNUSED_FUNCTION = YES;
				GCC_WARN_UNUSED_VARIABLE = YES;
				INFOPLIST_FILE = "Validator-watchOS/Info.plist";
				INSTALL_PATH = "$(LOCAL_LIBRARY_DIR)/Frameworks";
				LD_RUNPATH_SEARCH_PATHS = "$(inherited) @executable_path/Frameworks @loader_path/Frameworks";
				MTL_ENABLE_DEBUG_INFO = YES;
				ONLY_ACTIVE_ARCH = YES;
				PRODUCT_BUNDLE_IDENTIFIER = "com.timers-inc.Validator-watchOS";
				PRODUCT_NAME = Valy;
				PROVISIONING_PROFILE_SPECIFIER = "";
				SDKROOT = watchos;
				SKIP_INSTALL = YES;
				SWIFT_ACTIVE_COMPILATION_CONDITIONS = DEBUG;
				SWIFT_OPTIMIZATION_LEVEL = "-Onone";
				SWIFT_VERSION = 4.0;
				TARGETED_DEVICE_FAMILY = 4;
				VERSIONING_SYSTEM = "apple-generic";
				VERSION_INFO_PREFIX = "";
				WATCHOS_DEPLOYMENT_TARGET = 2.0;
			};
			name = Debug;
		};
		4F4389621DD9A94D00FBE04F /* Release */ = {
			isa = XCBuildConfiguration;
			buildSettings = {
				ALWAYS_SEARCH_USER_PATHS = NO;
				APPLICATION_EXTENSION_API_ONLY = YES;
				CLANG_ANALYZER_NONNULL = YES;
				CLANG_CXX_LANGUAGE_STANDARD = "gnu++0x";
				CLANG_CXX_LIBRARY = "libc++";
				CLANG_ENABLE_MODULES = YES;
				CLANG_ENABLE_OBJC_ARC = YES;
				CLANG_WARN_BOOL_CONVERSION = YES;
				CLANG_WARN_CONSTANT_CONVERSION = YES;
				CLANG_WARN_DIRECT_OBJC_ISA_USAGE = YES_ERROR;
				CLANG_WARN_DOCUMENTATION_COMMENTS = YES;
				CLANG_WARN_EMPTY_BODY = YES;
				CLANG_WARN_ENUM_CONVERSION = YES;
				CLANG_WARN_INFINITE_RECURSION = YES;
				CLANG_WARN_INT_CONVERSION = YES;
				CLANG_WARN_OBJC_ROOT_CLASS = YES_ERROR;
				CLANG_WARN_SUSPICIOUS_MOVES = YES;
				CLANG_WARN_UNREACHABLE_CODE = YES;
				CLANG_WARN__DUPLICATE_METHOD_MATCH = YES;
				CODE_SIGN_IDENTITY = "";
				CODE_SIGN_STYLE = Manual;
				COPY_PHASE_STRIP = NO;
				CURRENT_PROJECT_VERSION = 1;
				DEBUG_INFORMATION_FORMAT = "dwarf-with-dsym";
				DEFINES_MODULE = YES;
				DEVELOPMENT_TEAM = "";
				DYLIB_COMPATIBILITY_VERSION = 1;
				DYLIB_CURRENT_VERSION = 1;
				DYLIB_INSTALL_NAME_BASE = "@rpath";
				ENABLE_NS_ASSERTIONS = NO;
				ENABLE_STRICT_OBJC_MSGSEND = YES;
				GCC_C_LANGUAGE_STANDARD = gnu99;
				GCC_NO_COMMON_BLOCKS = YES;
				GCC_WARN_64_TO_32_BIT_CONVERSION = YES;
				GCC_WARN_ABOUT_RETURN_TYPE = YES_ERROR;
				GCC_WARN_UNDECLARED_SELECTOR = YES;
				GCC_WARN_UNINITIALIZED_AUTOS = YES_AGGRESSIVE;
				GCC_WARN_UNUSED_FUNCTION = YES;
				GCC_WARN_UNUSED_VARIABLE = YES;
				INFOPLIST_FILE = "Validator-watchOS/Info.plist";
				INSTALL_PATH = "$(LOCAL_LIBRARY_DIR)/Frameworks";
				LD_RUNPATH_SEARCH_PATHS = "$(inherited) @executable_path/Frameworks @loader_path/Frameworks";
				MTL_ENABLE_DEBUG_INFO = NO;
				PRODUCT_BUNDLE_IDENTIFIER = "com.timers-inc.Validator-watchOS";
				PRODUCT_NAME = Valy;
				PROVISIONING_PROFILE_SPECIFIER = "";
				SDKROOT = watchos;
				SKIP_INSTALL = YES;
				SWIFT_OPTIMIZATION_LEVEL = "-Owholemodule";
				SWIFT_VERSION = 4.0;
				TARGETED_DEVICE_FAMILY = 4;
				VALIDATE_PRODUCT = YES;
				VERSIONING_SYSTEM = "apple-generic";
				VERSION_INFO_PREFIX = "";
				WATCHOS_DEPLOYMENT_TARGET = 2.0;
			};
			name = Release;
		};
		4F43897A1DD9A95C00FBE04F /* Debug */ = {
			isa = XCBuildConfiguration;
			buildSettings = {
				ALWAYS_SEARCH_USER_PATHS = NO;
				CLANG_ANALYZER_NONNULL = YES;
				CLANG_CXX_LANGUAGE_STANDARD = "gnu++0x";
				CLANG_CXX_LIBRARY = "libc++";
				CLANG_ENABLE_MODULES = YES;
				CLANG_ENABLE_OBJC_ARC = YES;
				CLANG_WARN_BOOL_CONVERSION = YES;
				CLANG_WARN_CONSTANT_CONVERSION = YES;
				CLANG_WARN_DIRECT_OBJC_ISA_USAGE = YES_ERROR;
				CLANG_WARN_DOCUMENTATION_COMMENTS = YES;
				CLANG_WARN_EMPTY_BODY = YES;
				CLANG_WARN_ENUM_CONVERSION = YES;
				CLANG_WARN_INFINITE_RECURSION = YES;
				CLANG_WARN_INT_CONVERSION = YES;
				CLANG_WARN_OBJC_ROOT_CLASS = YES_ERROR;
				CLANG_WARN_SUSPICIOUS_MOVES = YES;
				CLANG_WARN_UNREACHABLE_CODE = YES;
				CLANG_WARN__DUPLICATE_METHOD_MATCH = YES;
				CODE_SIGN_IDENTITY = "";
				CODE_SIGN_STYLE = Manual;
				COPY_PHASE_STRIP = NO;
				CURRENT_PROJECT_VERSION = 1;
				DEBUG_INFORMATION_FORMAT = dwarf;
				DEFINES_MODULE = YES;
				DEVELOPMENT_TEAM = "";
				DYLIB_COMPATIBILITY_VERSION = 1;
				DYLIB_CURRENT_VERSION = 1;
				DYLIB_INSTALL_NAME_BASE = "@rpath";
				ENABLE_STRICT_OBJC_MSGSEND = YES;
				ENABLE_TESTABILITY = YES;
				GCC_C_LANGUAGE_STANDARD = gnu99;
				GCC_DYNAMIC_NO_PIC = NO;
				GCC_NO_COMMON_BLOCKS = YES;
				GCC_OPTIMIZATION_LEVEL = 0;
				GCC_PREPROCESSOR_DEFINITIONS = (
					"DEBUG=1",
					"$(inherited)",
				);
				GCC_WARN_64_TO_32_BIT_CONVERSION = YES;
				GCC_WARN_ABOUT_RETURN_TYPE = YES_ERROR;
				GCC_WARN_UNDECLARED_SELECTOR = YES;
				GCC_WARN_UNINITIALIZED_AUTOS = YES_AGGRESSIVE;
				GCC_WARN_UNUSED_FUNCTION = YES;
				GCC_WARN_UNUSED_VARIABLE = YES;
				INFOPLIST_FILE = "Validator-tvOS/Info.plist";
				INSTALL_PATH = "$(LOCAL_LIBRARY_DIR)/Frameworks";
				LD_RUNPATH_SEARCH_PATHS = "$(inherited) @executable_path/Frameworks @loader_path/Frameworks";
				MTL_ENABLE_DEBUG_INFO = YES;
				ONLY_ACTIVE_ARCH = YES;
				PRODUCT_BUNDLE_IDENTIFIER = "com.timers-inc.Validator-tvOS";
				PRODUCT_NAME = Valy;
				PROVISIONING_PROFILE_SPECIFIER = "";
				SDKROOT = appletvos;
				SKIP_INSTALL = YES;
				SWIFT_ACTIVE_COMPILATION_CONDITIONS = DEBUG;
				SWIFT_OPTIMIZATION_LEVEL = "-Onone";
				SWIFT_VERSION = 4.0;
				TARGETED_DEVICE_FAMILY = 3;
				TVOS_DEPLOYMENT_TARGET = 9.0;
				VERSIONING_SYSTEM = "apple-generic";
				VERSION_INFO_PREFIX = "";
			};
			name = Debug;
		};
		4F43897B1DD9A95C00FBE04F /* Release */ = {
			isa = XCBuildConfiguration;
			buildSettings = {
				ALWAYS_SEARCH_USER_PATHS = NO;
				CLANG_ANALYZER_NONNULL = YES;
				CLANG_CXX_LANGUAGE_STANDARD = "gnu++0x";
				CLANG_CXX_LIBRARY = "libc++";
				CLANG_ENABLE_MODULES = YES;
				CLANG_ENABLE_OBJC_ARC = YES;
				CLANG_WARN_BOOL_CONVERSION = YES;
				CLANG_WARN_CONSTANT_CONVERSION = YES;
				CLANG_WARN_DIRECT_OBJC_ISA_USAGE = YES_ERROR;
				CLANG_WARN_DOCUMENTATION_COMMENTS = YES;
				CLANG_WARN_EMPTY_BODY = YES;
				CLANG_WARN_ENUM_CONVERSION = YES;
				CLANG_WARN_INFINITE_RECURSION = YES;
				CLANG_WARN_INT_CONVERSION = YES;
				CLANG_WARN_OBJC_ROOT_CLASS = YES_ERROR;
				CLANG_WARN_SUSPICIOUS_MOVES = YES;
				CLANG_WARN_UNREACHABLE_CODE = YES;
				CLANG_WARN__DUPLICATE_METHOD_MATCH = YES;
				CODE_SIGN_IDENTITY = "";
				CODE_SIGN_STYLE = Manual;
				COPY_PHASE_STRIP = NO;
				CURRENT_PROJECT_VERSION = 1;
				DEBUG_INFORMATION_FORMAT = "dwarf-with-dsym";
				DEFINES_MODULE = YES;
				DEVELOPMENT_TEAM = "";
				DYLIB_COMPATIBILITY_VERSION = 1;
				DYLIB_CURRENT_VERSION = 1;
				DYLIB_INSTALL_NAME_BASE = "@rpath";
				ENABLE_NS_ASSERTIONS = NO;
				ENABLE_STRICT_OBJC_MSGSEND = YES;
				GCC_C_LANGUAGE_STANDARD = gnu99;
				GCC_NO_COMMON_BLOCKS = YES;
				GCC_WARN_64_TO_32_BIT_CONVERSION = YES;
				GCC_WARN_ABOUT_RETURN_TYPE = YES_ERROR;
				GCC_WARN_UNDECLARED_SELECTOR = YES;
				GCC_WARN_UNINITIALIZED_AUTOS = YES_AGGRESSIVE;
				GCC_WARN_UNUSED_FUNCTION = YES;
				GCC_WARN_UNUSED_VARIABLE = YES;
				INFOPLIST_FILE = "Validator-tvOS/Info.plist";
				INSTALL_PATH = "$(LOCAL_LIBRARY_DIR)/Frameworks";
				LD_RUNPATH_SEARCH_PATHS = "$(inherited) @executable_path/Frameworks @loader_path/Frameworks";
				MTL_ENABLE_DEBUG_INFO = NO;
				PRODUCT_BUNDLE_IDENTIFIER = "com.timers-inc.Validator-tvOS";
				PRODUCT_NAME = Valy;
				PROVISIONING_PROFILE_SPECIFIER = "";
				SDKROOT = appletvos;
				SKIP_INSTALL = YES;
				SWIFT_OPTIMIZATION_LEVEL = "-Owholemodule";
				SWIFT_VERSION = 4.0;
				TARGETED_DEVICE_FAMILY = 3;
				TVOS_DEPLOYMENT_TARGET = 9.0;
				VALIDATE_PRODUCT = YES;
				VERSIONING_SYSTEM = "apple-generic";
				VERSION_INFO_PREFIX = "";
			};
			name = Release;
		};
		4F43897D1DD9A95C00FBE04F /* Debug */ = {
			isa = XCBuildConfiguration;
			buildSettings = {
				ALWAYS_EMBED_SWIFT_STANDARD_LIBRARIES = YES;
				ALWAYS_SEARCH_USER_PATHS = NO;
				CLANG_ANALYZER_NONNULL = YES;
				CLANG_CXX_LANGUAGE_STANDARD = "gnu++0x";
				CLANG_CXX_LIBRARY = "libc++";
				CLANG_ENABLE_MODULES = YES;
				CLANG_ENABLE_OBJC_ARC = YES;
				CLANG_WARN_BOOL_CONVERSION = YES;
				CLANG_WARN_CONSTANT_CONVERSION = YES;
				CLANG_WARN_DIRECT_OBJC_ISA_USAGE = YES_ERROR;
				CLANG_WARN_DOCUMENTATION_COMMENTS = YES;
				CLANG_WARN_EMPTY_BODY = YES;
				CLANG_WARN_ENUM_CONVERSION = YES;
				CLANG_WARN_INFINITE_RECURSION = YES;
				CLANG_WARN_INT_CONVERSION = YES;
				CLANG_WARN_OBJC_ROOT_CLASS = YES_ERROR;
				CLANG_WARN_SUSPICIOUS_MOVES = YES;
				CLANG_WARN_UNREACHABLE_CODE = YES;
				CLANG_WARN__DUPLICATE_METHOD_MATCH = YES;
				CODE_SIGN_STYLE = Manual;
				COPY_PHASE_STRIP = NO;
				DEBUG_INFORMATION_FORMAT = dwarf;
				DEVELOPMENT_TEAM = "";
				ENABLE_STRICT_OBJC_MSGSEND = YES;
				ENABLE_TESTABILITY = YES;
				GCC_C_LANGUAGE_STANDARD = gnu99;
				GCC_DYNAMIC_NO_PIC = NO;
				GCC_NO_COMMON_BLOCKS = YES;
				GCC_OPTIMIZATION_LEVEL = 0;
				GCC_PREPROCESSOR_DEFINITIONS = (
					"DEBUG=1",
					"$(inherited)",
				);
				GCC_WARN_64_TO_32_BIT_CONVERSION = YES;
				GCC_WARN_ABOUT_RETURN_TYPE = YES_ERROR;
				GCC_WARN_UNDECLARED_SELECTOR = YES;
				GCC_WARN_UNINITIALIZED_AUTOS = YES_AGGRESSIVE;
				GCC_WARN_UNUSED_FUNCTION = YES;
				GCC_WARN_UNUSED_VARIABLE = YES;
				INFOPLIST_FILE = "Validator-tvOSTests/Info.plist";
				LD_RUNPATH_SEARCH_PATHS = "$(inherited) @executable_path/Frameworks @loader_path/Frameworks";
				MTL_ENABLE_DEBUG_INFO = YES;
				ONLY_ACTIVE_ARCH = YES;
				PRODUCT_BUNDLE_IDENTIFIER = "com.timers-inc.Validator-tvOSTests";
				PRODUCT_NAME = "$(TARGET_NAME)";
				PROVISIONING_PROFILE_SPECIFIER = "";
				SDKROOT = appletvos;
				SWIFT_ACTIVE_COMPILATION_CONDITIONS = DEBUG;
				SWIFT_OPTIMIZATION_LEVEL = "-Onone";
				SWIFT_VERSION = 4.0;
				TVOS_DEPLOYMENT_TARGET = 10.0;
			};
			name = Debug;
		};
		4F43897E1DD9A95C00FBE04F /* Release */ = {
			isa = XCBuildConfiguration;
			buildSettings = {
				ALWAYS_EMBED_SWIFT_STANDARD_LIBRARIES = YES;
				ALWAYS_SEARCH_USER_PATHS = NO;
				CLANG_ANALYZER_NONNULL = YES;
				CLANG_CXX_LANGUAGE_STANDARD = "gnu++0x";
				CLANG_CXX_LIBRARY = "libc++";
				CLANG_ENABLE_MODULES = YES;
				CLANG_ENABLE_OBJC_ARC = YES;
				CLANG_WARN_BOOL_CONVERSION = YES;
				CLANG_WARN_CONSTANT_CONVERSION = YES;
				CLANG_WARN_DIRECT_OBJC_ISA_USAGE = YES_ERROR;
				CLANG_WARN_DOCUMENTATION_COMMENTS = YES;
				CLANG_WARN_EMPTY_BODY = YES;
				CLANG_WARN_ENUM_CONVERSION = YES;
				CLANG_WARN_INFINITE_RECURSION = YES;
				CLANG_WARN_INT_CONVERSION = YES;
				CLANG_WARN_OBJC_ROOT_CLASS = YES_ERROR;
				CLANG_WARN_SUSPICIOUS_MOVES = YES;
				CLANG_WARN_UNREACHABLE_CODE = YES;
				CLANG_WARN__DUPLICATE_METHOD_MATCH = YES;
				CODE_SIGN_STYLE = Manual;
				COPY_PHASE_STRIP = NO;
				DEBUG_INFORMATION_FORMAT = "dwarf-with-dsym";
				DEVELOPMENT_TEAM = "";
				ENABLE_NS_ASSERTIONS = NO;
				ENABLE_STRICT_OBJC_MSGSEND = YES;
				GCC_C_LANGUAGE_STANDARD = gnu99;
				GCC_NO_COMMON_BLOCKS = YES;
				GCC_WARN_64_TO_32_BIT_CONVERSION = YES;
				GCC_WARN_ABOUT_RETURN_TYPE = YES_ERROR;
				GCC_WARN_UNDECLARED_SELECTOR = YES;
				GCC_WARN_UNINITIALIZED_AUTOS = YES_AGGRESSIVE;
				GCC_WARN_UNUSED_FUNCTION = YES;
				GCC_WARN_UNUSED_VARIABLE = YES;
				INFOPLIST_FILE = "Validator-tvOSTests/Info.plist";
				LD_RUNPATH_SEARCH_PATHS = "$(inherited) @executable_path/Frameworks @loader_path/Frameworks";
				MTL_ENABLE_DEBUG_INFO = NO;
				PRODUCT_BUNDLE_IDENTIFIER = "com.timers-inc.Validator-tvOSTests";
				PRODUCT_NAME = "$(TARGET_NAME)";
				PROVISIONING_PROFILE_SPECIFIER = "";
				SDKROOT = appletvos;
				SWIFT_OPTIMIZATION_LEVEL = "-Owholemodule";
				SWIFT_VERSION = 4.0;
				TVOS_DEPLOYMENT_TARGET = 10.0;
				VALIDATE_PRODUCT = YES;
			};
			name = Release;
		};
		4F4389961DD9A96700FBE04F /* Debug */ = {
			isa = XCBuildConfiguration;
			buildSettings = {
				ALWAYS_SEARCH_USER_PATHS = NO;
				CLANG_ANALYZER_NONNULL = YES;
				CLANG_CXX_LANGUAGE_STANDARD = "gnu++0x";
				CLANG_CXX_LIBRARY = "libc++";
				CLANG_ENABLE_MODULES = YES;
				CLANG_ENABLE_OBJC_ARC = YES;
				CLANG_WARN_BOOL_CONVERSION = YES;
				CLANG_WARN_CONSTANT_CONVERSION = YES;
				CLANG_WARN_DIRECT_OBJC_ISA_USAGE = YES_ERROR;
				CLANG_WARN_DOCUMENTATION_COMMENTS = YES;
				CLANG_WARN_EMPTY_BODY = YES;
				CLANG_WARN_ENUM_CONVERSION = YES;
				CLANG_WARN_INFINITE_RECURSION = YES;
				CLANG_WARN_INT_CONVERSION = YES;
				CLANG_WARN_OBJC_ROOT_CLASS = YES_ERROR;
				CLANG_WARN_SUSPICIOUS_MOVES = YES;
				CLANG_WARN_UNREACHABLE_CODE = YES;
				CLANG_WARN__DUPLICATE_METHOD_MATCH = YES;
				CODE_SIGN_IDENTITY = "-";
				CODE_SIGN_STYLE = Manual;
				COMBINE_HIDPI_IMAGES = YES;
				COPY_PHASE_STRIP = NO;
				CURRENT_PROJECT_VERSION = 1;
				DEBUG_INFORMATION_FORMAT = dwarf;
				DEFINES_MODULE = YES;
				DEVELOPMENT_TEAM = "";
				DYLIB_COMPATIBILITY_VERSION = 1;
				DYLIB_CURRENT_VERSION = 1;
				DYLIB_INSTALL_NAME_BASE = "@rpath";
				ENABLE_STRICT_OBJC_MSGSEND = YES;
				ENABLE_TESTABILITY = YES;
				FRAMEWORK_VERSION = A;
				GCC_C_LANGUAGE_STANDARD = gnu99;
				GCC_DYNAMIC_NO_PIC = NO;
				GCC_NO_COMMON_BLOCKS = YES;
				GCC_OPTIMIZATION_LEVEL = 0;
				GCC_PREPROCESSOR_DEFINITIONS = (
					"DEBUG=1",
					"$(inherited)",
				);
				GCC_WARN_64_TO_32_BIT_CONVERSION = YES;
				GCC_WARN_ABOUT_RETURN_TYPE = YES_ERROR;
				GCC_WARN_UNDECLARED_SELECTOR = YES;
				GCC_WARN_UNINITIALIZED_AUTOS = YES_AGGRESSIVE;
				GCC_WARN_UNUSED_FUNCTION = YES;
				GCC_WARN_UNUSED_VARIABLE = YES;
				INFOPLIST_FILE = "Validator-macOS/Info.plist";
				INSTALL_PATH = "$(LOCAL_LIBRARY_DIR)/Frameworks";
				LD_RUNPATH_SEARCH_PATHS = "$(inherited) @executable_path/../Frameworks @loader_path/Frameworks";
				MACOSX_DEPLOYMENT_TARGET = 10.6;
				MTL_ENABLE_DEBUG_INFO = YES;
				ONLY_ACTIVE_ARCH = YES;
				PRODUCT_BUNDLE_IDENTIFIER = "com.timers-inc.Validator-macOS";
				PRODUCT_NAME = Valy;
				PROVISIONING_PROFILE_SPECIFIER = "";
				SDKROOT = macosx;
				SKIP_INSTALL = YES;
				SWIFT_ACTIVE_COMPILATION_CONDITIONS = DEBUG;
				SWIFT_OPTIMIZATION_LEVEL = "-Onone";
				SWIFT_VERSION = 4.0;
				VERSIONING_SYSTEM = "apple-generic";
				VERSION_INFO_PREFIX = "";
			};
			name = Debug;
		};
		4F4389971DD9A96700FBE04F /* Release */ = {
			isa = XCBuildConfiguration;
			buildSettings = {
				ALWAYS_SEARCH_USER_PATHS = NO;
				CLANG_ANALYZER_NONNULL = YES;
				CLANG_CXX_LANGUAGE_STANDARD = "gnu++0x";
				CLANG_CXX_LIBRARY = "libc++";
				CLANG_ENABLE_MODULES = YES;
				CLANG_ENABLE_OBJC_ARC = YES;
				CLANG_WARN_BOOL_CONVERSION = YES;
				CLANG_WARN_CONSTANT_CONVERSION = YES;
				CLANG_WARN_DIRECT_OBJC_ISA_USAGE = YES_ERROR;
				CLANG_WARN_DOCUMENTATION_COMMENTS = YES;
				CLANG_WARN_EMPTY_BODY = YES;
				CLANG_WARN_ENUM_CONVERSION = YES;
				CLANG_WARN_INFINITE_RECURSION = YES;
				CLANG_WARN_INT_CONVERSION = YES;
				CLANG_WARN_OBJC_ROOT_CLASS = YES_ERROR;
				CLANG_WARN_SUSPICIOUS_MOVES = YES;
				CLANG_WARN_UNREACHABLE_CODE = YES;
				CLANG_WARN__DUPLICATE_METHOD_MATCH = YES;
				CODE_SIGN_IDENTITY = "-";
				CODE_SIGN_STYLE = Manual;
				COMBINE_HIDPI_IMAGES = YES;
				COPY_PHASE_STRIP = NO;
				CURRENT_PROJECT_VERSION = 1;
				DEBUG_INFORMATION_FORMAT = "dwarf-with-dsym";
				DEFINES_MODULE = YES;
				DEVELOPMENT_TEAM = "";
				DYLIB_COMPATIBILITY_VERSION = 1;
				DYLIB_CURRENT_VERSION = 1;
				DYLIB_INSTALL_NAME_BASE = "@rpath";
				ENABLE_NS_ASSERTIONS = NO;
				ENABLE_STRICT_OBJC_MSGSEND = YES;
				FRAMEWORK_VERSION = A;
				GCC_C_LANGUAGE_STANDARD = gnu99;
				GCC_NO_COMMON_BLOCKS = YES;
				GCC_WARN_64_TO_32_BIT_CONVERSION = YES;
				GCC_WARN_ABOUT_RETURN_TYPE = YES_ERROR;
				GCC_WARN_UNDECLARED_SELECTOR = YES;
				GCC_WARN_UNINITIALIZED_AUTOS = YES_AGGRESSIVE;
				GCC_WARN_UNUSED_FUNCTION = YES;
				GCC_WARN_UNUSED_VARIABLE = YES;
				INFOPLIST_FILE = "Validator-macOS/Info.plist";
				INSTALL_PATH = "$(LOCAL_LIBRARY_DIR)/Frameworks";
				LD_RUNPATH_SEARCH_PATHS = "$(inherited) @executable_path/../Frameworks @loader_path/Frameworks";
				MACOSX_DEPLOYMENT_TARGET = 10.6;
				MTL_ENABLE_DEBUG_INFO = NO;
				PRODUCT_BUNDLE_IDENTIFIER = "com.timers-inc.Validator-macOS";
				PRODUCT_NAME = Valy;
				PROVISIONING_PROFILE_SPECIFIER = "";
				SDKROOT = macosx;
				SKIP_INSTALL = YES;
				SWIFT_OPTIMIZATION_LEVEL = "-Owholemodule";
				SWIFT_VERSION = 4.0;
				VERSIONING_SYSTEM = "apple-generic";
				VERSION_INFO_PREFIX = "";
			};
			name = Release;
		};
		4F4389991DD9A96700FBE04F /* Debug */ = {
			isa = XCBuildConfiguration;
			buildSettings = {
				ALWAYS_EMBED_SWIFT_STANDARD_LIBRARIES = YES;
				ALWAYS_SEARCH_USER_PATHS = NO;
				CLANG_ANALYZER_NONNULL = YES;
				CLANG_CXX_LANGUAGE_STANDARD = "gnu++0x";
				CLANG_CXX_LIBRARY = "libc++";
				CLANG_ENABLE_MODULES = YES;
				CLANG_ENABLE_OBJC_ARC = YES;
				CLANG_WARN_BOOL_CONVERSION = YES;
				CLANG_WARN_CONSTANT_CONVERSION = YES;
				CLANG_WARN_DIRECT_OBJC_ISA_USAGE = YES_ERROR;
				CLANG_WARN_DOCUMENTATION_COMMENTS = YES;
				CLANG_WARN_EMPTY_BODY = YES;
				CLANG_WARN_ENUM_CONVERSION = YES;
				CLANG_WARN_INFINITE_RECURSION = YES;
				CLANG_WARN_INT_CONVERSION = YES;
				CLANG_WARN_OBJC_ROOT_CLASS = YES_ERROR;
				CLANG_WARN_SUSPICIOUS_MOVES = YES;
				CLANG_WARN_UNREACHABLE_CODE = YES;
				CLANG_WARN__DUPLICATE_METHOD_MATCH = YES;
				CODE_SIGN_IDENTITY = "-";
				CODE_SIGN_STYLE = Manual;
				COMBINE_HIDPI_IMAGES = YES;
				COPY_PHASE_STRIP = NO;
				DEBUG_INFORMATION_FORMAT = dwarf;
				DEVELOPMENT_TEAM = "";
				ENABLE_STRICT_OBJC_MSGSEND = YES;
				ENABLE_TESTABILITY = YES;
				GCC_C_LANGUAGE_STANDARD = gnu99;
				GCC_DYNAMIC_NO_PIC = NO;
				GCC_NO_COMMON_BLOCKS = YES;
				GCC_OPTIMIZATION_LEVEL = 0;
				GCC_PREPROCESSOR_DEFINITIONS = (
					"DEBUG=1",
					"$(inherited)",
				);
				GCC_WARN_64_TO_32_BIT_CONVERSION = YES;
				GCC_WARN_ABOUT_RETURN_TYPE = YES_ERROR;
				GCC_WARN_UNDECLARED_SELECTOR = YES;
				GCC_WARN_UNINITIALIZED_AUTOS = YES_AGGRESSIVE;
				GCC_WARN_UNUSED_FUNCTION = YES;
				GCC_WARN_UNUSED_VARIABLE = YES;
				INFOPLIST_FILE = "Validator-macOSTests/Info.plist";
				LD_RUNPATH_SEARCH_PATHS = "$(inherited) @executable_path/../Frameworks @loader_path/../Frameworks";
				MACOSX_DEPLOYMENT_TARGET = 10.12;
				MTL_ENABLE_DEBUG_INFO = YES;
				ONLY_ACTIVE_ARCH = YES;
				PRODUCT_BUNDLE_IDENTIFIER = "com.timers-inc.Validator-macOSTests";
				PRODUCT_NAME = "$(TARGET_NAME)";
				PROVISIONING_PROFILE_SPECIFIER = "";
				SDKROOT = macosx;
				SWIFT_ACTIVE_COMPILATION_CONDITIONS = DEBUG;
				SWIFT_OPTIMIZATION_LEVEL = "-Onone";
				SWIFT_VERSION = 4.0;
			};
			name = Debug;
		};
		4F43899A1DD9A96700FBE04F /* Release */ = {
			isa = XCBuildConfiguration;
			buildSettings = {
				ALWAYS_EMBED_SWIFT_STANDARD_LIBRARIES = YES;
				ALWAYS_SEARCH_USER_PATHS = NO;
				CLANG_ANALYZER_NONNULL = YES;
				CLANG_CXX_LANGUAGE_STANDARD = "gnu++0x";
				CLANG_CXX_LIBRARY = "libc++";
				CLANG_ENABLE_MODULES = YES;
				CLANG_ENABLE_OBJC_ARC = YES;
				CLANG_WARN_BOOL_CONVERSION = YES;
				CLANG_WARN_CONSTANT_CONVERSION = YES;
				CLANG_WARN_DIRECT_OBJC_ISA_USAGE = YES_ERROR;
				CLANG_WARN_DOCUMENTATION_COMMENTS = YES;
				CLANG_WARN_EMPTY_BODY = YES;
				CLANG_WARN_ENUM_CONVERSION = YES;
				CLANG_WARN_INFINITE_RECURSION = YES;
				CLANG_WARN_INT_CONVERSION = YES;
				CLANG_WARN_OBJC_ROOT_CLASS = YES_ERROR;
				CLANG_WARN_SUSPICIOUS_MOVES = YES;
				CLANG_WARN_UNREACHABLE_CODE = YES;
				CLANG_WARN__DUPLICATE_METHOD_MATCH = YES;
				CODE_SIGN_IDENTITY = "-";
				CODE_SIGN_STYLE = Manual;
				COMBINE_HIDPI_IMAGES = YES;
				COPY_PHASE_STRIP = NO;
				DEBUG_INFORMATION_FORMAT = "dwarf-with-dsym";
				DEVELOPMENT_TEAM = "";
				ENABLE_NS_ASSERTIONS = NO;
				ENABLE_STRICT_OBJC_MSGSEND = YES;
				GCC_C_LANGUAGE_STANDARD = gnu99;
				GCC_NO_COMMON_BLOCKS = YES;
				GCC_WARN_64_TO_32_BIT_CONVERSION = YES;
				GCC_WARN_ABOUT_RETURN_TYPE = YES_ERROR;
				GCC_WARN_UNDECLARED_SELECTOR = YES;
				GCC_WARN_UNINITIALIZED_AUTOS = YES_AGGRESSIVE;
				GCC_WARN_UNUSED_FUNCTION = YES;
				GCC_WARN_UNUSED_VARIABLE = YES;
				INFOPLIST_FILE = "Validator-macOSTests/Info.plist";
				LD_RUNPATH_SEARCH_PATHS = "$(inherited) @executable_path/../Frameworks @loader_path/../Frameworks";
				MACOSX_DEPLOYMENT_TARGET = 10.12;
				MTL_ENABLE_DEBUG_INFO = NO;
				PRODUCT_BUNDLE_IDENTIFIER = "com.timers-inc.Validator-macOSTests";
				PRODUCT_NAME = "$(TARGET_NAME)";
				PROVISIONING_PROFILE_SPECIFIER = "";
				SDKROOT = macosx;
				SWIFT_OPTIMIZATION_LEVEL = "-Owholemodule";
				SWIFT_VERSION = 4.0;
			};
			name = Release;
		};
/* End XCBuildConfiguration section */

/* Begin XCConfigurationList section */
		4F4389361DD9A93000FBE04F /* Build configuration list for PBXProject "Validator" */ = {
			isa = XCConfigurationList;
			buildConfigurations = (
				4F4389371DD9A93000FBE04F /* Debug */,
				4F4389381DD9A93000FBE04F /* Release */,
			);
			defaultConfigurationIsVisible = 0;
			defaultConfigurationName = Release;
		};
		4F4389501DD9A94300FBE04F /* Build configuration list for PBXNativeTarget "Validator-iOS" */ = {
			isa = XCConfigurationList;
			buildConfigurations = (
				4F4389511DD9A94300FBE04F /* Debug */,
				4F4389521DD9A94300FBE04F /* Release */,
			);
			defaultConfigurationIsVisible = 0;
			defaultConfigurationName = Release;
		};
		4F4389531DD9A94300FBE04F /* Build configuration list for PBXNativeTarget "Validator-iOSTests" */ = {
			isa = XCConfigurationList;
			buildConfigurations = (
				4F4389541DD9A94300FBE04F /* Debug */,
				4F4389551DD9A94300FBE04F /* Release */,
			);
			defaultConfigurationIsVisible = 0;
			defaultConfigurationName = Release;
		};
		4F4389601DD9A94D00FBE04F /* Build configuration list for PBXNativeTarget "Validator-watchOS" */ = {
			isa = XCConfigurationList;
			buildConfigurations = (
				4F4389611DD9A94D00FBE04F /* Debug */,
				4F4389621DD9A94D00FBE04F /* Release */,
			);
			defaultConfigurationIsVisible = 0;
			defaultConfigurationName = Release;
		};
		4F4389791DD9A95C00FBE04F /* Build configuration list for PBXNativeTarget "Validator-tvOS" */ = {
			isa = XCConfigurationList;
			buildConfigurations = (
				4F43897A1DD9A95C00FBE04F /* Debug */,
				4F43897B1DD9A95C00FBE04F /* Release */,
			);
			defaultConfigurationIsVisible = 0;
			defaultConfigurationName = Release;
		};
		4F43897C1DD9A95C00FBE04F /* Build configuration list for PBXNativeTarget "Validator-tvOSTests" */ = {
			isa = XCConfigurationList;
			buildConfigurations = (
				4F43897D1DD9A95C00FBE04F /* Debug */,
				4F43897E1DD9A95C00FBE04F /* Release */,
			);
			defaultConfigurationIsVisible = 0;
			defaultConfigurationName = Release;
		};
		4F4389951DD9A96700FBE04F /* Build configuration list for PBXNativeTarget "Validator-macOS" */ = {
			isa = XCConfigurationList;
			buildConfigurations = (
				4F4389961DD9A96700FBE04F /* Debug */,
				4F4389971DD9A96700FBE04F /* Release */,
			);
			defaultConfigurationIsVisible = 0;
			defaultConfigurationName = Release;
		};
		4F4389981DD9A96700FBE04F /* Build configuration list for PBXNativeTarget "Validator-macOSTests" */ = {
			isa = XCConfigurationList;
			buildConfigurations = (
				4F4389991DD9A96700FBE04F /* Debug */,
				4F43899A1DD9A96700FBE04F /* Release */,
			);
			defaultConfigurationIsVisible = 0;
			defaultConfigurationName = Release;
		};
/* End XCConfigurationList section */
	};
	rootObject = 4F4389331DD9A93000FBE04F /* Project object */;
}
